
Microsoft Visual Studio Solution File, Format Version 12.00
# Visual Studio 15
VisualStudioVersion = 15.0.27130.2010
MinimumVisualStudioVersion = 10.0.40219.1
Project("{9A19103F-16F7-4668-BE54-9A1E7A4F7556}") = "Meru", "Meru\Meru.csproj", "{7595DFD0-4744-485D-A002-66F4188A4C81}"
EndProject
Project("{9A19103F-16F7-4668-BE54-9A1E7A4F7556}") = "Meru.Common", "Meru.Common\Meru.Common.csproj", "{4CF06987-5B8B-4DCD-9A10-FE9E55B47161}"
EndProject
Project("{9A19103F-16F7-4668-BE54-9A1E7A4F7556}") = "Meru.Commands", "Meru.Commands\Meru.Commands.csproj", "{1B123670-87CE-4824-8C31-1E7B48E3EA07}"
EndProject
Global
	GlobalSection(SolutionConfigurationPlatforms) = preSolution
		Debug|Any CPU = Debug|Any CPU
		Release|Any CPU = Release|Any CPU
	EndGlobalSection
	GlobalSection(ProjectConfigurationPlatforms) = postSolution
		{7595DFD0-4744-485D-A002-66F4188A4C81}.Debug|Any CPU.ActiveCfg = Debug|Any CPU
		{7595DFD0-4744-485D-A002-66F4188A4C81}.Debug|Any CPU.Build.0 = Debug|Any CPU
		{7595DFD0-4744-485D-A002-66F4188A4C81}.Release|Any CPU.ActiveCfg = Release|Any CPU
		{7595DFD0-4744-485D-A002-66F4188A4C81}.Release|Any CPU.Build.0 = Release|Any CPU
		{4CF06987-5B8B-4DCD-9A10-FE9E55B47161}.Debug|Any CPU.ActiveCfg = Debug|Any CPU
		{4CF06987-5B8B-4DCD-9A10-FE9E55B47161}.Debug|Any CPU.Build.0 = Debug|Any CPU
		{4CF06987-5B8B-4DCD-9A10-FE9E55B47161}.Release|Any CPU.ActiveCfg = Release|Any CPU
		{4CF06987-5B8B-4DCD-9A10-FE9E55B47161}.Release|Any CPU.Build.0 = Release|Any CPU
		{1B123670-87CE-4824-8C31-1E7B48E3EA07}.Debug|Any CPU.ActiveCfg = Debug|Any CPU
		{1B123670-87CE-4824-8C31-1E7B48E3EA07}.Debug|Any CPU.Build.0 = Debug|Any CPU
		{1B123670-87CE-4824-8C31-1E7B48E3EA07}.Release|Any CPU.ActiveCfg = Release|Any CPU
		{1B123670-87CE-4824-8C31-1E7B48E3EA07}.Release|Any CPU.Build.0 = Release|Any CPU
	EndGlobalSection
	GlobalSection(SolutionProperties) = preSolution
		HideSolutionNode = FALSE
	EndGlobalSection
	GlobalSection(ExtensibilityGlobals) = postSolution
		SolutionGuid = {D8F8571F-98AE-4997-96C5-5F42C3F5DE80}
	EndGlobalSection
EndGlobal
